
Microsoft Visual Studio Solution File, Format Version 12.00
# Visual Studio Version 17
VisualStudioVersion = 17.8.34330.188
MinimumVisualStudioVersion = 10.0.40219.1
Project("{FAE04EC0-301F-11D3-BF4B-00C04F79EFBC}") = "Aula 25-10-24", "Aula 25-10-24\Aula 25-10-24.csproj", "{DEE6DB4E-396A-4C49-88BD-499C491B6A41}"
EndProject
Global
	GlobalSection(SolutionConfigurationPlatforms) = preSolution
		Debug|Any CPU = Debug|Any CPU
		Release|Any CPU = Release|Any CPU
	EndGlobalSection
	GlobalSection(ProjectConfigurationPlatforms) = postSolution
		{DEE6DB4E-396A-4C49-88BD-499C491B6A41}.Debug|Any CPU.ActiveCfg = Debug|Any CPU
		{DEE6DB4E-396A-4C49-88BD-499C491B6A41}.Debug|Any CPU.Build.0 = Debug|Any CPU
		{DEE6DB4E-396A-4C49-88BD-499C491B6A41}.Release|Any CPU.ActiveCfg = Release|Any CPU
		{DEE6DB4E-396A-4C49-88BD-499C491B6A41}.Release|Any CPU.Build.0 = Release|Any CPU
	EndGlobalSection
	GlobalSection(SolutionProperties) = preSolution
		HideSolutionNode = FALSE
	EndGlobalSection
	GlobalSection(ExtensibilityGlobals) = postSolution
		SolutionGuid = {EBB39910-3F62-412D-8ED0-7B1D9533B6D6}
	EndGlobalSection
EndGlobal
